
Microsoft Visual Studio Solution File, Format Version 12.00
# Visual Studio Version 16
VisualStudioVersion = 16.0.30717.126
MinimumVisualStudioVersion = 10.0.40219.1
Project("{FAE04EC0-301F-11D3-BF4B-00C04F79EFBC}") = "SchoolLibaryAPI", "SchoolLibaryAPI\SchoolLibaryAPI.csproj", "{3AAF2C9C-5402-42B1-B23A-B71B6D476152}"
EndProject
Global
	GlobalSection(SolutionConfigurationPlatforms) = preSolution
		Debug|Any CPU = Debug|Any CPU
		Release|Any CPU = Release|Any CPU
	EndGlobalSection
	GlobalSection(ProjectConfigurationPlatforms) = postSolution
		{3AAF2C9C-5402-42B1-B23A-B71B6D476152}.Debug|Any CPU.ActiveCfg = Debug|Any CPU
		{3AAF2C9C-5402-42B1-B23A-B71B6D476152}.Debug|Any CPU.Build.0 = Debug|Any CPU
		{3AAF2C9C-5402-42B1-B23A-B71B6D476152}.Release|Any CPU.ActiveCfg = Release|Any CPU
		{3AAF2C9C-5402-42B1-B23A-B71B6D476152}.Release|Any CPU.Build.0 = Release|Any CPU
	EndGlobalSection
	GlobalSection(SolutionProperties) = preSolution
		HideSolutionNode = FALSE
	EndGlobalSection
	GlobalSection(ExtensibilityGlobals) = postSolution
		SolutionGuid = {718809C0-3685-4D48-BE1F-E444606D6CB1}
	EndGlobalSection
EndGlobal
